
Microsoft Visual Studio Solution File, Format Version 12.00
# Visual Studio Version 16
VisualStudioVersion = 16.0.33328.57
MinimumVisualStudioVersion = 10.0.40219.1
Project("{FAE04EC0-301F-11D3-BF4B-00C04F79EFBC}") = "ReflowCoolingSystem", "ReflowCoolingSystem\ReflowCoolingSystem.csproj", "{CF2580BE-68EC-456C-B4C7-9722AF4445F1}"
EndProject
Global
	GlobalSection(SolutionConfigurationPlatforms) = preSolution
		Debug|Any CPU = Debug|Any CPU
		Release|Any CPU = Release|Any CPU
	EndGlobalSection
	GlobalSection(ProjectConfigurationPlatforms) = postSolution
		{CF2580BE-68EC-456C-B4C7-9722AF4445F1}.Debug|Any CPU.ActiveCfg = Debug|Any CPU
		{CF2580BE-68EC-456C-B4C7-9722AF4445F1}.Debug|Any CPU.Build.0 = Debug|Any CPU
		{CF2580BE-68EC-456C-B4C7-9722AF4445F1}.Release|Any CPU.ActiveCfg = Release|Any CPU
		{CF2580BE-68EC-456C-B4C7-9722AF4445F1}.Release|Any CPU.Build.0 = Release|Any CPU
	EndGlobalSection
	GlobalSection(SolutionProperties) = preSolution
		HideSolutionNode = FALSE
	EndGlobalSection
	GlobalSection(ExtensibilityGlobals) = postSolution
		SolutionGuid = {961D8FCF-739B-4041-9A00-BCBCE1645488}
	EndGlobalSection
EndGlobal
